
Microsoft Visual Studio Solution File, Format Version 12.00
# Visual Studio 15
Project("{FAE04EC0-301F-11D3-BF4B-00C04F79EFBC}") = "Assembly-CSharp", "Assembly-CSharp.csproj", "{89CF2EAE-73EE-AB12-7803-5879553C6ACA}"
EndProject
Project("{FAE04EC0-301F-11D3-BF4B-00C04F79EFBC}") = "Oculus.VR", "Oculus.VR.csproj", "{29061992-AD4A-529B-EB82-8A5F8161B7B9}"
EndProject
Project("{FAE04EC0-301F-11D3-BF4B-00C04F79EFBC}") = "Assembly-CSharp-Editor", "Assembly-CSharp-Editor.csproj", "{D33687F2-1BB9-9B87-1BBE-81811DE7AADB}"
EndProject
Project("{FAE04EC0-301F-11D3-BF4B-00C04F79EFBC}") = "Oculus.VR.Scripts.Editor", "Oculus.VR.Scripts.Editor.csproj", "{0DDAD860-7957-DFCB-7694-FA510785345D}"
EndProject
Project("{FAE04EC0-301F-11D3-BF4B-00C04F79EFBC}") = "Oculus.VR.Editor", "Oculus.VR.Editor.csproj", "{F98A0493-C6DF-F10A-C932-45CC7C3FFB91}"
EndProject
Global
	GlobalSection(SolutionConfigurationPlatforms) = preSolution
		Debug|Any CPU = Debug|Any CPU
		Release|Any CPU = Release|Any CPU
	EndGlobalSection
	GlobalSection(ProjectConfigurationPlatforms) = postSolution
		{89CF2EAE-73EE-AB12-7803-5879553C6ACA}.Debug|Any CPU.ActiveCfg = Debug|Any CPU
		{89CF2EAE-73EE-AB12-7803-5879553C6ACA}.Debug|Any CPU.Build.0 = Debug|Any CPU
		{89CF2EAE-73EE-AB12-7803-5879553C6ACA}.Release|Any CPU.ActiveCfg = Release|Any CPU
		{89CF2EAE-73EE-AB12-7803-5879553C6ACA}.Release|Any CPU.Build.0 = Release|Any CPU
		{29061992-AD4A-529B-EB82-8A5F8161B7B9}.Debug|Any CPU.ActiveCfg = Debug|Any CPU
		{29061992-AD4A-529B-EB82-8A5F8161B7B9}.Debug|Any CPU.Build.0 = Debug|Any CPU
		{29061992-AD4A-529B-EB82-8A5F8161B7B9}.Release|Any CPU.ActiveCfg = Release|Any CPU
		{29061992-AD4A-529B-EB82-8A5F8161B7B9}.Release|Any CPU.Build.0 = Release|Any CPU
		{D33687F2-1BB9-9B87-1BBE-81811DE7AADB}.Debug|Any CPU.ActiveCfg = Debug|Any CPU
		{D33687F2-1BB9-9B87-1BBE-81811DE7AADB}.Debug|Any CPU.Build.0 = Debug|Any CPU
		{D33687F2-1BB9-9B87-1BBE-81811DE7AADB}.Release|Any CPU.ActiveCfg = Release|Any CPU
		{D33687F2-1BB9-9B87-1BBE-81811DE7AADB}.Release|Any CPU.Build.0 = Release|Any CPU
		{0DDAD860-7957-DFCB-7694-FA510785345D}.Debug|Any CPU.ActiveCfg = Debug|Any CPU
		{0DDAD860-7957-DFCB-7694-FA510785345D}.Debug|Any CPU.Build.0 = Debug|Any CPU
		{0DDAD860-7957-DFCB-7694-FA510785345D}.Release|Any CPU.ActiveCfg = Release|Any CPU
		{0DDAD860-7957-DFCB-7694-FA510785345D}.Release|Any CPU.Build.0 = Release|Any CPU
		{F98A0493-C6DF-F10A-C932-45CC7C3FFB91}.Debug|Any CPU.ActiveCfg = Debug|Any CPU
		{F98A0493-C6DF-F10A-C932-45CC7C3FFB91}.Debug|Any CPU.Build.0 = Debug|Any CPU
		{F98A0493-C6DF-F10A-C932-45CC7C3FFB91}.Release|Any CPU.ActiveCfg = Release|Any CPU
		{F98A0493-C6DF-F10A-C932-45CC7C3FFB91}.Release|Any CPU.Build.0 = Release|Any CPU
	EndGlobalSection
	GlobalSection(SolutionProperties) = preSolution
		HideSolutionNode = FALSE
	EndGlobalSection
EndGlobal
